schema: '2.0'
stages:
  prepare:
    cmd: python src/prepare_data.py
    deps:
    - path: data/raw.csv
      hash: md5
      md5: 7e72dd6dd1b8e9f60c239ca5079b4267
      size: 27933
    - path: src/prepare_data.py
      hash: md5
      md5: e9feb92474548097133fd862b29e8f78
      size: 7664
    outs:
    - path: data/processed.csv
      hash: md5
      md5: d76e0ec0bf78eda33c035478a1d9b931
      size: 28240
    - path: registry/train_stats.json
      hash: md5
      md5: 053f503d7f92e8d7a190afa57f95387f
      size: 284
  train:
    cmd: python src/train.py
    deps:
    - path: data/processed.csv
      hash: md5
      md5: d76e0ec0bf78eda33c035478a1d9b931
      size: 28240
    - path: src/train.py
      hash: md5
      md5: 4c449c4e6a803f0bc5addf96a1a3f632
      size: 8862
    outs:
    - path: models/model.joblib
      hash: md5
      md5: 5a0b6b41cc16060353abff2b4461b968
      size: 3690
  evaluate:
    cmd: python src/evaluate.py
    deps:
    - path: data/processed.csv
      hash: md5
      md5: d76e0ec0bf78eda33c035478a1d9b931
      size: 28240
    - path: models/model.joblib
      hash: md5
      md5: 5a0b6b41cc16060353abff2b4461b968
      size: 3690
    - path: src/evaluate.py
      hash: md5
      md5: 7557062e685ea7ff2c2e3be1440867de
      size: 9341
    outs:
    - path: reports/metrics.json
      hash: md5
      md5: 3de2495b0fa12fe704fb33bfe451a664
      size: 217
